
Microsoft Visual Studio Solution File, Format Version 12.00
# Visual Studio 15
Project("{FAE04EC0-301F-11D3-BF4B-00C04F79EFBC}") = "Assembly-CSharp", "Assembly-CSharp.csproj", "{9730148B-7FEB-C7E0-0774-4101ED44AB42}"
EndProject
Project("{FAE04EC0-301F-11D3-BF4B-00C04F79EFBC}") = "Assembly-CSharp-Editor", "Assembly-CSharp-Editor.csproj", "{81FDCF5E-BF14-6A91-53F1-46584BD0BE16}"
EndProject
Global
	GlobalSection(SolutionConfigurationPlatforms) = preSolution
		Debug|Any CPU = Debug|Any CPU
		Release|Any CPU = Release|Any CPU
	EndGlobalSection
	GlobalSection(ProjectConfigurationPlatforms) = postSolution
		{9730148B-7FEB-C7E0-0774-4101ED44AB42}.Debug|Any CPU.ActiveCfg = Debug|Any CPU
		{9730148B-7FEB-C7E0-0774-4101ED44AB42}.Debug|Any CPU.Build.0 = Debug|Any CPU
		{9730148B-7FEB-C7E0-0774-4101ED44AB42}.Release|Any CPU.ActiveCfg = Release|Any CPU
		{9730148B-7FEB-C7E0-0774-4101ED44AB42}.Release|Any CPU.Build.0 = Release|Any CPU
		{81FDCF5E-BF14-6A91-53F1-46584BD0BE16}.Debug|Any CPU.ActiveCfg = Debug|Any CPU
		{81FDCF5E-BF14-6A91-53F1-46584BD0BE16}.Debug|Any CPU.Build.0 = Debug|Any CPU
		{81FDCF5E-BF14-6A91-53F1-46584BD0BE16}.Release|Any CPU.ActiveCfg = Release|Any CPU
		{81FDCF5E-BF14-6A91-53F1-46584BD0BE16}.Release|Any CPU.Build.0 = Release|Any CPU
	EndGlobalSection
	GlobalSection(SolutionProperties) = preSolution
		HideSolutionNode = FALSE
	EndGlobalSection
EndGlobal
